
Microsoft Visual Studio Solution File, Format Version 12.00
# Visual Studio 15
VisualStudioVersion = 15.0.26124.0
MinimumVisualStudioVersion = 15.0.26124.0
Project("{FAE04EC0-301F-11D3-BF4B-00C04F79EFBC}") = "MyTime.Api", "MyTime.Api\MyTime.Api.csproj", "{C8CCD1CA-86B2-4B46-AC5C-8A03B61FF384}"
EndProject
Project("{FAE04EC0-301F-11D3-BF4B-00C04F79EFBC}") = "MyTime.Domain", "MyTime.Domain\MyTime.Domain.csproj", "{387387DC-7E21-4A6D-B3C0-2984CDB5032D}"
EndProject
Project("{FAE04EC0-301F-11D3-BF4B-00C04F79EFBC}") = "MyTime.Repository", "MyTime.Repository\MyTime.Repository.csproj", "{F361F8C6-5928-4C9F-84FD-A8CC3807FFD3}"
EndProject
Global
	GlobalSection(SolutionConfigurationPlatforms) = preSolution
		Debug|Any CPU = Debug|Any CPU
		Debug|x64 = Debug|x64
		Debug|x86 = Debug|x86
		Release|Any CPU = Release|Any CPU
		Release|x64 = Release|x64
		Release|x86 = Release|x86
	EndGlobalSection
	GlobalSection(SolutionProperties) = preSolution
		HideSolutionNode = FALSE
	EndGlobalSection
	GlobalSection(ProjectConfigurationPlatforms) = postSolution
		{C8CCD1CA-86B2-4B46-AC5C-8A03B61FF384}.Debug|Any CPU.ActiveCfg = Debug|Any CPU
		{C8CCD1CA-86B2-4B46-AC5C-8A03B61FF384}.Debug|Any CPU.Build.0 = Debug|Any CPU
		{C8CCD1CA-86B2-4B46-AC5C-8A03B61FF384}.Debug|x64.ActiveCfg = Debug|Any CPU
		{C8CCD1CA-86B2-4B46-AC5C-8A03B61FF384}.Debug|x64.Build.0 = Debug|Any CPU
		{C8CCD1CA-86B2-4B46-AC5C-8A03B61FF384}.Debug|x86.ActiveCfg = Debug|Any CPU
		{C8CCD1CA-86B2-4B46-AC5C-8A03B61FF384}.Debug|x86.Build.0 = Debug|Any CPU
		{C8CCD1CA-86B2-4B46-AC5C-8A03B61FF384}.Release|Any CPU.ActiveCfg = Release|Any CPU
		{C8CCD1CA-86B2-4B46-AC5C-8A03B61FF384}.Release|Any CPU.Build.0 = Release|Any CPU
		{C8CCD1CA-86B2-4B46-AC5C-8A03B61FF384}.Release|x64.ActiveCfg = Release|Any CPU
		{C8CCD1CA-86B2-4B46-AC5C-8A03B61FF384}.Release|x64.Build.0 = Release|Any CPU
		{C8CCD1CA-86B2-4B46-AC5C-8A03B61FF384}.Release|x86.ActiveCfg = Release|Any CPU
		{C8CCD1CA-86B2-4B46-AC5C-8A03B61FF384}.Release|x86.Build.0 = Release|Any CPU
		{387387DC-7E21-4A6D-B3C0-2984CDB5032D}.Debug|Any CPU.ActiveCfg = Debug|Any CPU
		{387387DC-7E21-4A6D-B3C0-2984CDB5032D}.Debug|Any CPU.Build.0 = Debug|Any CPU
		{387387DC-7E21-4A6D-B3C0-2984CDB5032D}.Debug|x64.ActiveCfg = Debug|Any CPU
		{387387DC-7E21-4A6D-B3C0-2984CDB5032D}.Debug|x64.Build.0 = Debug|Any CPU
		{387387DC-7E21-4A6D-B3C0-2984CDB5032D}.Debug|x86.ActiveCfg = Debug|Any CPU
		{387387DC-7E21-4A6D-B3C0-2984CDB5032D}.Debug|x86.Build.0 = Debug|Any CPU
		{387387DC-7E21-4A6D-B3C0-2984CDB5032D}.Release|Any CPU.ActiveCfg = Release|Any CPU
		{387387DC-7E21-4A6D-B3C0-2984CDB5032D}.Release|Any CPU.Build.0 = Release|Any CPU
		{387387DC-7E21-4A6D-B3C0-2984CDB5032D}.Release|x64.ActiveCfg = Release|Any CPU
		{387387DC-7E21-4A6D-B3C0-2984CDB5032D}.Release|x64.Build.0 = Release|Any CPU
		{387387DC-7E21-4A6D-B3C0-2984CDB5032D}.Release|x86.ActiveCfg = Release|Any CPU
		{387387DC-7E21-4A6D-B3C0-2984CDB5032D}.Release|x86.Build.0 = Release|Any CPU
		{F361F8C6-5928-4C9F-84FD-A8CC3807FFD3}.Debug|Any CPU.ActiveCfg = Debug|Any CPU
		{F361F8C6-5928-4C9F-84FD-A8CC3807FFD3}.Debug|Any CPU.Build.0 = Debug|Any CPU
		{F361F8C6-5928-4C9F-84FD-A8CC3807FFD3}.Debug|x64.ActiveCfg = Debug|Any CPU
		{F361F8C6-5928-4C9F-84FD-A8CC3807FFD3}.Debug|x64.Build.0 = Debug|Any CPU
		{F361F8C6-5928-4C9F-84FD-A8CC3807FFD3}.Debug|x86.ActiveCfg = Debug|Any CPU
		{F361F8C6-5928-4C9F-84FD-A8CC3807FFD3}.Debug|x86.Build.0 = Debug|Any CPU
		{F361F8C6-5928-4C9F-84FD-A8CC3807FFD3}.Release|Any CPU.ActiveCfg = Release|Any CPU
		{F361F8C6-5928-4C9F-84FD-A8CC3807FFD3}.Release|Any CPU.Build.0 = Release|Any CPU
		{F361F8C6-5928-4C9F-84FD-A8CC3807FFD3}.Release|x64.ActiveCfg = Release|Any CPU
		{F361F8C6-5928-4C9F-84FD-A8CC3807FFD3}.Release|x64.Build.0 = Release|Any CPU
		{F361F8C6-5928-4C9F-84FD-A8CC3807FFD3}.Release|x86.ActiveCfg = Release|Any CPU
		{F361F8C6-5928-4C9F-84FD-A8CC3807FFD3}.Release|x86.Build.0 = Release|Any CPU
	EndGlobalSection
EndGlobal
